
Microsoft Visual Studio Solution File, Format Version 12.00
# Visual Studio Version 17
VisualStudioVersion = 17.11.35312.102
MinimumVisualStudioVersion = 10.0.40219.1
Project("{FAE04EC0-301F-11D3-BF4B-00C04F79EFBC}") = "01_MainSubjects", "01_MainSubjects\01_MainSubjects.csproj", "{4C5DF99C-E538-4A69-B824-7975467D3DB8}"
EndProject
Project("{FAE04EC0-301F-11D3-BF4B-00C04F79EFBC}") = "02_Variables", "02_Variables\02_Variables.csproj", "{F457FD53-F0B3-4040-84DE-6753AD0ACBE2}"
EndProject
Project("{FAE04EC0-301F-11D3-BF4B-00C04F79EFBC}") = "03_MakingDecision", "03_MakingDecision\03_MakingDecision.csproj", "{6953EEEA-4DC3-404A-8D3E-C72D38DC4C75}"
EndProject
Project("{FAE04EC0-301F-11D3-BF4B-00C04F79EFBC}") = "04_Loops", "04_Loops\04_Loops.csproj", "{7AB9156D-A0DE-4BB2-B974-9FF9C3D21B2B}"
EndProject
Project("{FAE04EC0-301F-11D3-BF4B-00C04F79EFBC}") = "05_LoopsWithStars", "05_LoopsWithStars\05_LoopsWithStars.csproj", "{CFC29C0B-E00F-4761-B3B7-AAD8AFABC10F}"
EndProject
Project("{FAE04EC0-301F-11D3-BF4B-00C04F79EFBC}") = "06_Arrays", "06_Arrays\06_Arrays.csproj", "{4782FA05-96DC-439A-82B4-E27189B4CDEE}"
EndProject
Project("{FAE04EC0-301F-11D3-BF4B-00C04F79EFBC}") = "07_ForeachLoops", "07_ForeachLoops\07_ForeachLoops.csproj", "{7DB4AC4E-954E-421B-AE6E-ECCBE8EED798}"
EndProject
Project("{FAE04EC0-301F-11D3-BF4B-00C04F79EFBC}") = "08_Methods", "08_Methods\08_Methods.csproj", "{EA56C44F-2D3C-4638-A27A-57F4B5068472}"
EndProject
Project("{FAE04EC0-301F-11D3-BF4B-00C04F79EFBC}") = "09_DataBaseProject", "09_DataBaseProject\09_DataBaseProject.csproj", "{4472297F-D680-42EE-97BD-1DD894B732DB}"
EndProject
Project("{FAE04EC0-301F-11D3-BF4B-00C04F79EFBC}") = "10_DatabaseCrud", "10_DatabaseCrud\10_DatabaseCrud.csproj", "{164DE94B-E819-4726-8440-43D0072AF4A2}"
EndProject
Global
	GlobalSection(SolutionConfigurationPlatforms) = preSolution
		Debug|Any CPU = Debug|Any CPU
		Release|Any CPU = Release|Any CPU
	EndGlobalSection
	GlobalSection(ProjectConfigurationPlatforms) = postSolution
		{4C5DF99C-E538-4A69-B824-7975467D3DB8}.Debug|Any CPU.ActiveCfg = Debug|Any CPU
		{4C5DF99C-E538-4A69-B824-7975467D3DB8}.Debug|Any CPU.Build.0 = Debug|Any CPU
		{4C5DF99C-E538-4A69-B824-7975467D3DB8}.Release|Any CPU.ActiveCfg = Release|Any CPU
		{4C5DF99C-E538-4A69-B824-7975467D3DB8}.Release|Any CPU.Build.0 = Release|Any CPU
		{F457FD53-F0B3-4040-84DE-6753AD0ACBE2}.Debug|Any CPU.ActiveCfg = Debug|Any CPU
		{F457FD53-F0B3-4040-84DE-6753AD0ACBE2}.Debug|Any CPU.Build.0 = Debug|Any CPU
		{F457FD53-F0B3-4040-84DE-6753AD0ACBE2}.Release|Any CPU.ActiveCfg = Release|Any CPU
		{F457FD53-F0B3-4040-84DE-6753AD0ACBE2}.Release|Any CPU.Build.0 = Release|Any CPU
		{6953EEEA-4DC3-404A-8D3E-C72D38DC4C75}.Debug|Any CPU.ActiveCfg = Debug|Any CPU
		{6953EEEA-4DC3-404A-8D3E-C72D38DC4C75}.Debug|Any CPU.Build.0 = Debug|Any CPU
		{6953EEEA-4DC3-404A-8D3E-C72D38DC4C75}.Release|Any CPU.ActiveCfg = Release|Any CPU
		{6953EEEA-4DC3-404A-8D3E-C72D38DC4C75}.Release|Any CPU.Build.0 = Release|Any CPU
		{7AB9156D-A0DE-4BB2-B974-9FF9C3D21B2B}.Debug|Any CPU.ActiveCfg = Debug|Any CPU
		{7AB9156D-A0DE-4BB2-B974-9FF9C3D21B2B}.Debug|Any CPU.Build.0 = Debug|Any CPU
		{7AB9156D-A0DE-4BB2-B974-9FF9C3D21B2B}.Release|Any CPU.ActiveCfg = Release|Any CPU
		{7AB9156D-A0DE-4BB2-B974-9FF9C3D21B2B}.Release|Any CPU.Build.0 = Release|Any CPU
		{CFC29C0B-E00F-4761-B3B7-AAD8AFABC10F}.Debug|Any CPU.ActiveCfg = Debug|Any CPU
		{CFC29C0B-E00F-4761-B3B7-AAD8AFABC10F}.Debug|Any CPU.Build.0 = Debug|Any CPU
		{CFC29C0B-E00F-4761-B3B7-AAD8AFABC10F}.Release|Any CPU.ActiveCfg = Release|Any CPU
		{CFC29C0B-E00F-4761-B3B7-AAD8AFABC10F}.Release|Any CPU.Build.0 = Release|Any CPU
		{4782FA05-96DC-439A-82B4-E27189B4CDEE}.Debug|Any CPU.ActiveCfg = Debug|Any CPU
		{4782FA05-96DC-439A-82B4-E27189B4CDEE}.Debug|Any CPU.Build.0 = Debug|Any CPU
		{4782FA05-96DC-439A-82B4-E27189B4CDEE}.Release|Any CPU.ActiveCfg = Release|Any CPU
		{4782FA05-96DC-439A-82B4-E27189B4CDEE}.Release|Any CPU.Build.0 = Release|Any CPU
		{7DB4AC4E-954E-421B-AE6E-ECCBE8EED798}.Debug|Any CPU.ActiveCfg = Debug|Any CPU
		{7DB4AC4E-954E-421B-AE6E-ECCBE8EED798}.Debug|Any CPU.Build.0 = Debug|Any CPU
		{7DB4AC4E-954E-421B-AE6E-ECCBE8EED798}.Release|Any CPU.ActiveCfg = Release|Any CPU
		{7DB4AC4E-954E-421B-AE6E-ECCBE8EED798}.Release|Any CPU.Build.0 = Release|Any CPU
		{EA56C44F-2D3C-4638-A27A-57F4B5068472}.Debug|Any CPU.ActiveCfg = Debug|Any CPU
		{EA56C44F-2D3C-4638-A27A-57F4B5068472}.Debug|Any CPU.Build.0 = Debug|Any CPU
		{EA56C44F-2D3C-4638-A27A-57F4B5068472}.Release|Any CPU.ActiveCfg = Release|Any CPU
		{EA56C44F-2D3C-4638-A27A-57F4B5068472}.Release|Any CPU.Build.0 = Release|Any CPU
		{4472297F-D680-42EE-97BD-1DD894B732DB}.Debug|Any CPU.ActiveCfg = Debug|Any CPU
		{4472297F-D680-42EE-97BD-1DD894B732DB}.Debug|Any CPU.Build.0 = Debug|Any CPU
		{4472297F-D680-42EE-97BD-1DD894B732DB}.Release|Any CPU.ActiveCfg = Release|Any CPU
		{4472297F-D680-42EE-97BD-1DD894B732DB}.Release|Any CPU.Build.0 = Release|Any CPU
		{164DE94B-E819-4726-8440-43D0072AF4A2}.Debug|Any CPU.ActiveCfg = Debug|Any CPU
		{164DE94B-E819-4726-8440-43D0072AF4A2}.Debug|Any CPU.Build.0 = Debug|Any CPU
		{164DE94B-E819-4726-8440-43D0072AF4A2}.Release|Any CPU.ActiveCfg = Release|Any CPU
		{164DE94B-E819-4726-8440-43D0072AF4A2}.Release|Any CPU.Build.0 = Release|Any CPU
	EndGlobalSection
	GlobalSection(SolutionProperties) = preSolution
		HideSolutionNode = FALSE
	EndGlobalSection
	GlobalSection(ExtensibilityGlobals) = postSolution
		SolutionGuid = {E8EA8884-DF6B-4B49-837C-1B2C7CDF28B6}
	EndGlobalSection
EndGlobal
